{
  "version": 4,
  "terraform_version": "1.5.5",
  "serial": 4,
  "lineage": "67a67768-c5bb-3090-5237-cd7d2d8fd07d",
  "outputs": {
    "cluster_ca_certificate": {
      "value": "LS0tLS1CRUdJTiBDRVJUSUZJQ0FURS0tLS0tCk1JSUVMRENDQXBTZ0F3SUJBZ0lRYjJESG5TNVc3QnVBbkZpcXQ4TjNNakFOQmdrcWhraUc5dzBCQVFzRkFEQXYKTVMwd0t3WURWUVFERXlRMk9EWXhNMkZpTUMwMU1qQXhMVFEyWWpBdE9HTXdPUzAyTmpBeVl6ZGtNRE16WkRndwpJQmNOTWpNd09ESXpNRFV4TlRJM1doZ1BNakExTXpBNE1UVXdOakUxTWpkYU1DOHhMVEFyQmdOVkJBTVRKRFk0Ck5qRXpZV0l3TFRVeU1ERXRORFppTUMwNFl6QTVMVFkyTURKak4yUXdNek5rT0RDQ0FhSXdEUVlKS29aSWh2Y04KQVFFQkJRQURnZ0dQQURDQ0FZb0NnZ0dCQU04U05vUmxIOTVGUHNuWjdBYlppSkhKT3FnUDB0UVVRanlLc21vUQpLUlR4SEJlM0c0Qy9SalE4c0JHWUVlOUlvR002Yi85RXZWNmhnNVh3enFQTzNlc0ZTeVAwZGh5VFQwNE0zK1Y0CmYxQ0g0bmNFSTdBdC9MZThFTUoyUyswazdicTAvRFZKVVZRY3NzYlI0NHVFbEZhL2RTbGF0b0xxL2hwMU5FOTMKK2E5cVBCZlU1YmxkRTkvRmV1dGFUSjVyOFM0eVRiTm5CN0U1dWk4dnIwcHZKMVNEQktldjRLZHUxMU1XRGtwTgo1TEdHY1pDcTB5QUgvRERyNmdqU2JPWGszaE5WNHRESEZWS1VEVEQ0VXNmc3BsS0Q4K1dZMXFhbzFkY2gvdnl6Ck83RDR6c3NHd2VOQ1ZsV3pGNlZucXdhRTEyY0R4ZmZsdVB1QmhlL05aR0N6Rzh0cys4NnpPRmdQWHh0bGhEOVYKWCtBSkJ3MTFmMHp6MFhVK1A1TUxFRS8yQ0hpZ0N3UGVQWE1IelNiZitoV1YvMVFIUGJMZVpNa1hreTFOYm1XVAorV3RWQUVSOTZ4TXovY1B2OFBnbENhSUt6R1pmQ2RXUWNXYk0zY0FtelZEK1lrajk1L1hxZjh2S01qUjRWdmJ4ClJ4VzB6eTI5OElHOTViS3BETi84TnE0bkR3SURBUUFCbzBJd1FEQU9CZ05WSFE4QkFmOEVCQU1DQWdRd0R3WUQKVlIwVEFRSC9CQVV3QXdFQi96QWRCZ05WSFE0RUZnUVVJTzQyaW9vMmFTWWdEeHJsY2lPMzRZSTcrenN3RFFZSgpLb1pJaHZjTkFRRUxCUUFEZ2dHQkFBeGhPRFFaVTZZNm11Z2N5b215SGhZaDE3SEkrVkQwSFNWMmtUVk1MalcwClZ5enBST3h1SHFGRU1UY0c3NU5mVENpOEhMTHpqSDcwNTF5MWNYbGFTWDFCZXdqYzJXNVhxZzBLSVgyMFRVWmEKU2NQU2lZVFg3ODJYMk5QYjN0Q0YzWXc0ZDJhOFZoZWdwUmpGMFhjQ1VWM0ZkRzZ4VDZxbjBnQkNzZ3RucUtNbgpQTnZDTUM1a2RLUDFvU3IxTVY2WFMzWlBnYis5cmprT1FrSnQ5TkhRY2RnT1dEZ3ZRcWVmRThweHc0WDhxYnB4CjRvMW55bWE0emFMMmk2ejJVL2JpZ3J0ekdWeHZTWkpGZEFsNG81R0dtNEdoVHhXUmZCZTBVV2FrNm5oNjZWbDUKbmFiWFV3RzIxVk9PeHk5R1FUaHplbkhrZWJnV3kzY2NLU25ycEtRdldZNEFWdEt4VWhyRDhWZmZMVi9raUg1Kwo2NHp0NmlhTGJ4MjZqQ0l3VytDT1ZibHpYRm8xR1ZjQnVjNDc3WFRhNytQZjdrNWU1V1dqT0hyTXo1aWFjaHZSCmk2TUkyUW1NenNwQzNzVlIwU01vL3h6WmNKSXVkRkx4ek85amE5UGlmdWU1bHh4SEQrTjdXeXp0cGd1NEhTaTAKTlVTMG1EQWJEMmdpV3FDSUVPWS9sUT09Ci0tLS0tRU5EIENFUlRJRklDQVRFLS0tLS0K",
      "type": "string",
      "sensitive": true
    },
    "cluster_endpoint": {
      "value": "34.155.108.14",
      "type": "string"
    }
  },
  "resources": [
    {
      "mode": "managed",
      "type": "google_container_cluster",
      "name": "gke_cluster",
      "provider": "provider[\"registry.terraform.io/hashicorp/google\"]",
      "instances": [
        {
          "schema_version": 1,
          "attributes": {
            "addons_config": [
              {
                "cloudrun_config": [],
                "config_connector_config": [],
                "dns_cache_config": [],
                "gce_persistent_disk_csi_driver_config": [
                  {
                    "enabled": true
                  }
                ],
                "gcp_filestore_csi_driver_config": [],
                "gcs_fuse_csi_driver_config": [],
                "gke_backup_agent_config": [],
                "horizontal_pod_autoscaling": [],
                "http_load_balancing": [],
                "network_policy_config": [
                  {
                    "disabled": true
                  }
                ]
              }
            ],
            "allow_net_admin": null,
            "authenticator_groups_config": [],
            "binary_authorization": [
              {
                "enabled": false,
                "evaluation_mode": ""
              }
            ],
            "cluster_autoscaling": [
              {
                "auto_provisioning_defaults": [],
                "enabled": false,
                "resource_limits": []
              }
            ],
            "cluster_ipv4_cidr": "10.88.0.0/14",
            "confidential_nodes": [],
            "cost_management_config": [],
            "database_encryption": [
              {
                "key_name": "",
                "state": "DECRYPTED"
              }
            ],
            "datapath_provider": "",
            "default_max_pods_per_node": null,
            "default_snat_status": [
              {
                "disabled": false
              }
            ],
            "description": "",
            "dns_config": [],
            "enable_autopilot": false,
            "enable_binary_authorization": false,
            "enable_intranode_visibility": false,
            "enable_k8s_beta_apis": [],
            "enable_kubernetes_alpha": false,
            "enable_l4_ilb_subsetting": false,
            "enable_legacy_abac": false,
            "enable_shielded_nodes": true,
            "enable_tpu": false,
            "endpoint": "34.155.108.14",
            "gateway_api_config": [],
            "id": "projects/tf-gke-396804/locations/europe-west9/clusters/gke-cluster",
            "initial_node_count": 1,
            "ip_allocation_policy": [],
            "label_fingerprint": "a9dc16a7",
            "location": "europe-west9",
            "logging_config": [
              {
                "enable_components": [
                  "SYSTEM_COMPONENTS",
                  "WORKLOADS"
                ]
              }
            ],
            "logging_service": "logging.googleapis.com/kubernetes",
            "maintenance_policy": [],
            "master_auth": [
              {
                "client_certificate": "",
                "client_certificate_config": [
                  {
                    "issue_client_certificate": false
                  }
                ],
                "client_key": "",
                "cluster_ca_certificate": "LS0tLS1CRUdJTiBDRVJUSUZJQ0FURS0tLS0tCk1JSUVMRENDQXBTZ0F3SUJBZ0lRYjJESG5TNVc3QnVBbkZpcXQ4TjNNakFOQmdrcWhraUc5dzBCQVFzRkFEQXYKTVMwd0t3WURWUVFERXlRMk9EWXhNMkZpTUMwMU1qQXhMVFEyWWpBdE9HTXdPUzAyTmpBeVl6ZGtNRE16WkRndwpJQmNOTWpNd09ESXpNRFV4TlRJM1doZ1BNakExTXpBNE1UVXdOakUxTWpkYU1DOHhMVEFyQmdOVkJBTVRKRFk0Ck5qRXpZV0l3TFRVeU1ERXRORFppTUMwNFl6QTVMVFkyTURKak4yUXdNek5rT0RDQ0FhSXdEUVlKS29aSWh2Y04KQVFFQkJRQURnZ0dQQURDQ0FZb0NnZ0dCQU04U05vUmxIOTVGUHNuWjdBYlppSkhKT3FnUDB0UVVRanlLc21vUQpLUlR4SEJlM0c0Qy9SalE4c0JHWUVlOUlvR002Yi85RXZWNmhnNVh3enFQTzNlc0ZTeVAwZGh5VFQwNE0zK1Y0CmYxQ0g0bmNFSTdBdC9MZThFTUoyUyswazdicTAvRFZKVVZRY3NzYlI0NHVFbEZhL2RTbGF0b0xxL2hwMU5FOTMKK2E5cVBCZlU1YmxkRTkvRmV1dGFUSjVyOFM0eVRiTm5CN0U1dWk4dnIwcHZKMVNEQktldjRLZHUxMU1XRGtwTgo1TEdHY1pDcTB5QUgvRERyNmdqU2JPWGszaE5WNHRESEZWS1VEVEQ0VXNmc3BsS0Q4K1dZMXFhbzFkY2gvdnl6Ck83RDR6c3NHd2VOQ1ZsV3pGNlZucXdhRTEyY0R4ZmZsdVB1QmhlL05aR0N6Rzh0cys4NnpPRmdQWHh0bGhEOVYKWCtBSkJ3MTFmMHp6MFhVK1A1TUxFRS8yQ0hpZ0N3UGVQWE1IelNiZitoV1YvMVFIUGJMZVpNa1hreTFOYm1XVAorV3RWQUVSOTZ4TXovY1B2OFBnbENhSUt6R1pmQ2RXUWNXYk0zY0FtelZEK1lrajk1L1hxZjh2S01qUjRWdmJ4ClJ4VzB6eTI5OElHOTViS3BETi84TnE0bkR3SURBUUFCbzBJd1FEQU9CZ05WSFE4QkFmOEVCQU1DQWdRd0R3WUQKVlIwVEFRSC9CQVV3QXdFQi96QWRCZ05WSFE0RUZnUVVJTzQyaW9vMmFTWWdEeHJsY2lPMzRZSTcrenN3RFFZSgpLb1pJaHZjTkFRRUxCUUFEZ2dHQkFBeGhPRFFaVTZZNm11Z2N5b215SGhZaDE3SEkrVkQwSFNWMmtUVk1MalcwClZ5enBST3h1SHFGRU1UY0c3NU5mVENpOEhMTHpqSDcwNTF5MWNYbGFTWDFCZXdqYzJXNVhxZzBLSVgyMFRVWmEKU2NQU2lZVFg3ODJYMk5QYjN0Q0YzWXc0ZDJhOFZoZWdwUmpGMFhjQ1VWM0ZkRzZ4VDZxbjBnQkNzZ3RucUtNbgpQTnZDTUM1a2RLUDFvU3IxTVY2WFMzWlBnYis5cmprT1FrSnQ5TkhRY2RnT1dEZ3ZRcWVmRThweHc0WDhxYnB4CjRvMW55bWE0emFMMmk2ejJVL2JpZ3J0ekdWeHZTWkpGZEFsNG81R0dtNEdoVHhXUmZCZTBVV2FrNm5oNjZWbDUKbmFiWFV3RzIxVk9PeHk5R1FUaHplbkhrZWJnV3kzY2NLU25ycEtRdldZNEFWdEt4VWhyRDhWZmZMVi9raUg1Kwo2NHp0NmlhTGJ4MjZqQ0l3VytDT1ZibHpYRm8xR1ZjQnVjNDc3WFRhNytQZjdrNWU1V1dqT0hyTXo1aWFjaHZSCmk2TUkyUW1NenNwQzNzVlIwU01vL3h6WmNKSXVkRkx4ek85amE5UGlmdWU1bHh4SEQrTjdXeXp0cGd1NEhTaTAKTlVTMG1EQWJEMmdpV3FDSUVPWS9sUT09Ci0tLS0tRU5EIENFUlRJRklDQVRFLS0tLS0K"
              }
            ],
            "master_authorized_networks_config": [],
            "master_version": "1.27.3-gke.100",
            "mesh_certificates": [],
            "min_master_version": null,
            "monitoring_config": [
              {
                "advanced_datapath_observability_config": [
                  {
                    "enable_metrics": false,
                    "relay_mode": "DISABLED"
                  }
                ],
                "enable_components": [
                  "SYSTEM_COMPONENTS"
                ],
                "managed_prometheus": [
                  {
                    "enabled": true
                  }
                ]
              }
            ],
            "monitoring_service": "monitoring.googleapis.com/kubernetes",
            "name": "gke-cluster",
            "network": "projects/tf-gke-396804/global/networks/default",
            "network_policy": [
              {
                "enabled": false,
                "provider": "PROVIDER_UNSPECIFIED"
              }
            ],
            "networking_mode": "ROUTES",
            "node_config": [
              {
                "advanced_machine_features": [],
                "boot_disk_kms_key": "",
                "disk_size_gb": 20,
                "disk_type": "pd-balanced",
                "ephemeral_storage_local_ssd_config": [],
                "gcfs_config": [],
                "guest_accelerator": [],
                "gvnic": [],
                "host_maintenance_policy": [],
                "image_type": "COS_CONTAINERD",
                "kubelet_config": [],
                "labels": {},
                "linux_node_config": [],
                "local_nvme_ssd_block_config": [],
                "local_ssd_count": 0,
                "logging_variant": "DEFAULT",
                "machine_type": "e2-medium",
                "metadata": {
                  "disable-legacy-endpoints": "true"
                },
                "min_cpu_platform": "",
                "node_group": "",
                "oauth_scopes": [
                  "https://www.googleapis.com/auth/devstorage.read_only",
                  "https://www.googleapis.com/auth/logging.write",
                  "https://www.googleapis.com/auth/monitoring",
                  "https://www.googleapis.com/auth/service.management.readonly",
                  "https://www.googleapis.com/auth/servicecontrol",
                  "https://www.googleapis.com/auth/trace.append"
                ],
                "preemptible": false,
                "reservation_affinity": [],
                "resource_labels": {},
                "service_account": "default",
                "shielded_instance_config": [
                  {
                    "enable_integrity_monitoring": true,
                    "enable_secure_boot": false
                  }
                ],
                "sole_tenant_config": [],
                "spot": false,
                "tags": [],
                "taint": [],
                "workload_metadata_config": []
              }
            ],
            "node_locations": [
              "europe-west9-a",
              "europe-west9-b",
              "europe-west9-c"
            ],
            "node_pool": [
              {
                "autoscaling": [],
                "initial_node_count": 1,
                "instance_group_urls": [
                  "https://www.googleapis.com/compute/v1/projects/tf-gke-396804/zones/europe-west9-a/instanceGroupManagers/gke-gke-cluster-default-pool-8b1978b3-grp",
                  "https://www.googleapis.com/compute/v1/projects/tf-gke-396804/zones/europe-west9-b/instanceGroupManagers/gke-gke-cluster-default-pool-db2cf99d-grp",
                  "https://www.googleapis.com/compute/v1/projects/tf-gke-396804/zones/europe-west9-c/instanceGroupManagers/gke-gke-cluster-default-pool-8123486b-grp"
                ],
                "managed_instance_group_urls": [
                  "https://www.googleapis.com/compute/v1/projects/tf-gke-396804/zones/europe-west9-a/instanceGroups/gke-gke-cluster-default-pool-8b1978b3-grp",
                  "https://www.googleapis.com/compute/v1/projects/tf-gke-396804/zones/europe-west9-b/instanceGroups/gke-gke-cluster-default-pool-db2cf99d-grp",
                  "https://www.googleapis.com/compute/v1/projects/tf-gke-396804/zones/europe-west9-c/instanceGroups/gke-gke-cluster-default-pool-8123486b-grp"
                ],
                "management": [
                  {
                    "auto_repair": true,
                    "auto_upgrade": true
                  }
                ],
                "max_pods_per_node": 0,
                "name": "default-pool",
                "name_prefix": "",
                "network_config": [
                  {
                    "create_pod_range": false,
                    "enable_private_nodes": false,
                    "pod_cidr_overprovision_config": [],
                    "pod_ipv4_cidr_block": "",
                    "pod_range": ""
                  }
                ],
                "node_config": [
                  {
                    "advanced_machine_features": [],
                    "boot_disk_kms_key": "",
                    "disk_size_gb": 20,
                    "disk_type": "pd-balanced",
                    "ephemeral_storage_local_ssd_config": [],
                    "gcfs_config": [],
                    "guest_accelerator": [],
                    "gvnic": [],
                    "host_maintenance_policy": [],
                    "image_type": "COS_CONTAINERD",
                    "kubelet_config": [],
                    "labels": {},
                    "linux_node_config": [],
                    "local_nvme_ssd_block_config": [],
                    "local_ssd_count": 0,
                    "logging_variant": "DEFAULT",
                    "machine_type": "e2-medium",
                    "metadata": {
                      "disable-legacy-endpoints": "true"
                    },
                    "min_cpu_platform": "",
                    "node_group": "",
                    "oauth_scopes": [
                      "https://www.googleapis.com/auth/devstorage.read_only",
                      "https://www.googleapis.com/auth/logging.write",
                      "https://www.googleapis.com/auth/monitoring",
                      "https://www.googleapis.com/auth/service.management.readonly",
                      "https://www.googleapis.com/auth/servicecontrol",
                      "https://www.googleapis.com/auth/trace.append"
                    ],
                    "preemptible": false,
                    "reservation_affinity": [],
                    "resource_labels": {},
                    "service_account": "default",
                    "shielded_instance_config": [
                      {
                        "enable_integrity_monitoring": true,
                        "enable_secure_boot": false
                      }
                    ],
                    "sole_tenant_config": [],
                    "spot": false,
                    "tags": [],
                    "taint": [],
                    "workload_metadata_config": []
                  }
                ],
                "node_count": 1,
                "node_locations": [
                  "europe-west9-a",
                  "europe-west9-b",
                  "europe-west9-c"
                ],
                "placement_policy": [],
                "upgrade_settings": [
                  {
                    "blue_green_settings": [],
                    "max_surge": 1,
                    "max_unavailable": 0,
                    "strategy": "SURGE"
                  }
                ],
                "version": "1.27.3-gke.100"
              }
            ],
            "node_pool_defaults": [
              {
                "node_config_defaults": [
                  {
                    "logging_variant": "DEFAULT"
                  }
                ]
              }
            ],
            "node_version": "1.27.3-gke.100",
            "notification_config": [
              {
                "pubsub": [
                  {
                    "enabled": false,
                    "filter": [],
                    "topic": ""
                  }
                ]
              }
            ],
            "operation": null,
            "private_cluster_config": [
              {
                "enable_private_endpoint": false,
                "enable_private_nodes": false,
                "master_global_access_config": [
                  {
                    "enabled": false
                  }
                ],
                "master_ipv4_cidr_block": "",
                "peering_name": "",
                "private_endpoint": "10.200.0.2",
                "private_endpoint_subnetwork": "",
                "public_endpoint": "34.155.108.14"
              }
            ],
            "private_ipv6_google_access": "",
            "project": "tf-gke-396804",
            "release_channel": [
              {
                "channel": "REGULAR"
              }
            ],
            "remove_default_node_pool": null,
            "resource_labels": {},
            "resource_usage_export_config": [],
            "security_posture_config": [
              {
                "mode": "BASIC",
                "vulnerability_mode": "VULNERABILITY_MODE_UNSPECIFIED"
              }
            ],
            "self_link": "https://container.googleapis.com/v1/projects/tf-gke-396804/locations/europe-west9/clusters/gke-cluster",
            "service_external_ips_config": [
              {
                "enabled": false
              }
            ],
            "services_ipv4_cidr": "10.91.240.0/20",
            "subnetwork": "projects/tf-gke-396804/regions/europe-west9/subnetworks/default",
            "timeouts": null,
            "tpu_ipv4_cidr_block": "",
            "vertical_pod_autoscaling": [],
            "workload_identity_config": []
          },
          "sensitive_attributes": [],
          "private": "eyJlMmJmYjczMC1lY2FhLTExZTYtOGY4OC0zNDM2M2JjN2M0YzAiOnsiY3JlYXRlIjoyNDAwMDAwMDAwMDAwLCJkZWxldGUiOjI0MDAwMDAwMDAwMDAsInJlYWQiOjI0MDAwMDAwMDAwMDAsInVwZGF0ZSI6MzYwMDAwMDAwMDAwMH0sInNjaGVtYV92ZXJzaW9uIjoiMSJ9"
        }
      ]
    }
  ],
  "check_results": null
}
