{
  "version": 4,
  "terraform_version": "1.5.6",
  "serial": 26,
  "lineage": "089dd1a4-ac6e-1ff7-8456-91a021787478",
  "outputs": {},
  "resources": [
    {
      "mode": "managed",
      "type": "kubernetes_config_map_v1",
      "name": "configmap_nginx_cfgmap",
      "provider": "provider[\"registry.terraform.io/hashicorp/kubernetes\"]",
      "instances": [
        {
          "schema_version": 0,
          "attributes": {
            "binary_data": {},
            "data": {
              "file-from-cfgmap": "\u003c!DOCTYPE html\u003e\n\u003chtml lang=\"en\"\u003e\n  \u003chead\u003e\n    \u003ctitle\u003eFrom config map\u003c/title\u003e\n  \u003c/head\u003e\n  \u003cbody\u003e\n        \n    \u003ch1\u003eHello world from terraformn\u003c/h1\u003e\n        \n  \u003c/body\u003e\n\u003c/html\u003e\n"
            },
            "id": "default/my-config",
            "immutable": false,
            "metadata": [
              {
                "annotations": {},
                "generate_name": "",
                "generation": 0,
                "labels": {},
                "name": "my-config",
                "namespace": "default",
                "resource_version": "981",
                "uid": "d6bb7a93-9285-422c-b4da-704a9ce1f1be"
              }
            ]
          },
          "sensitive_attributes": [],
          "private": "bnVsbA=="
        }
      ]
    }
  ],
  "check_results": null
}
