{
  "version": 4,
  "terraform_version": "1.5.5",
  "serial": 5,
  "lineage": "dc5661de-61d0-3d07-fe0d-290d6e70c5e6",
  "outputs": {},
  "resources": [
    {
      "mode": "managed",
      "type": "local_file",
      "name": "myfile",
      "provider": "provider[\"registry.terraform.io/hashicorp/local\"]",
      "instances": [
        {
          "schema_version": 0,
          "attributes": {
            "content": "Hey World ! ",
            "content_base64": null,
            "content_base64sha256": "u73u6QhGXKD8JDvYZ1NAPXngvsUTMKBGrNexNgQ7/Qg=",
            "content_base64sha512": "kIgYoyg3AK9Orvl88HGkDbMQ/jghvnjSRS/27nmoqFxWGkdpfcflDFgx0acc0fzUwxk8n2/nM86XerRM1wBvhg==",
            "content_md5": "e8219cda1464c6f0b0ffecca62e4090c",
            "content_sha1": "5b2e1c9a53d878a4dfb62b02fee65c39093991b1",
            "content_sha256": "bbbdeee908465ca0fc243bd86753403d79e0bec51330a046acd7b136043bfd08",
            "content_sha512": "908818a3283700af4eaef97cf071a40db310fe3821be78d2452ff6ee79a8a85c561a47697dc7e50c5831d1a71cd1fcd4c3193c9f6fe733ce977ab44cd7006f86",
            "directory_permission": "0777",
            "file_permission": "0777",
            "filename": "foo.txt",
            "id": "5b2e1c9a53d878a4dfb62b02fee65c39093991b1",
            "sensitive_content": null,
            "source": null
          },
          "sensitive_attributes": []
        }
      ]
    }
  ],
  "check_results": null
}
